
Microsoft Visual Studio Solution File, Format Version 12.00
# Visual Studio Version 16
VisualStudioVersion = 16.0.31025.194
MinimumVisualStudioVersion = 10.0.40219.1
Project("{9A19103F-16F7-4668-BE54-9A1E7A4F7556}") = "Kartaca.Task", "Kartaca.Task\Kartaca.Task.csproj", "{16BABA82-C5A1-4F77-855B-8D3C804653D0}"
EndProject
Project("{9A19103F-16F7-4668-BE54-9A1E7A4F7556}") = "Kartaca.API", "Kartaca.API\Kartaca.API.csproj", "{DD243C4A-26FD-47BE-9C7F-F61945737D2F}"
EndProject
Project("{9A19103F-16F7-4668-BE54-9A1E7A4F7556}") = "Kartaca.API.Monitoring", "Kartaca.API.Monitoring\Kartaca.API.Monitoring.csproj", "{DD554E62-9CBB-4E06-B9BE-55F8C7D085F8}"
EndProject
Global
	GlobalSection(SolutionConfigurationPlatforms) = preSolution
		Debug|Any CPU = Debug|Any CPU
		Release|Any CPU = Release|Any CPU
	EndGlobalSection
	GlobalSection(ProjectConfigurationPlatforms) = postSolution
		{16BABA82-C5A1-4F77-855B-8D3C804653D0}.Debug|Any CPU.ActiveCfg = Debug|Any CPU
		{16BABA82-C5A1-4F77-855B-8D3C804653D0}.Debug|Any CPU.Build.0 = Debug|Any CPU
		{16BABA82-C5A1-4F77-855B-8D3C804653D0}.Release|Any CPU.ActiveCfg = Release|Any CPU
		{16BABA82-C5A1-4F77-855B-8D3C804653D0}.Release|Any CPU.Build.0 = Release|Any CPU
		{DD243C4A-26FD-47BE-9C7F-F61945737D2F}.Debug|Any CPU.ActiveCfg = Debug|Any CPU
		{DD243C4A-26FD-47BE-9C7F-F61945737D2F}.Debug|Any CPU.Build.0 = Debug|Any CPU
		{DD243C4A-26FD-47BE-9C7F-F61945737D2F}.Release|Any CPU.ActiveCfg = Release|Any CPU
		{DD243C4A-26FD-47BE-9C7F-F61945737D2F}.Release|Any CPU.Build.0 = Release|Any CPU
		{DD554E62-9CBB-4E06-B9BE-55F8C7D085F8}.Debug|Any CPU.ActiveCfg = Debug|Any CPU
		{DD554E62-9CBB-4E06-B9BE-55F8C7D085F8}.Debug|Any CPU.Build.0 = Debug|Any CPU
		{DD554E62-9CBB-4E06-B9BE-55F8C7D085F8}.Release|Any CPU.ActiveCfg = Release|Any CPU
		{DD554E62-9CBB-4E06-B9BE-55F8C7D085F8}.Release|Any CPU.Build.0 = Release|Any CPU
	EndGlobalSection
	GlobalSection(SolutionProperties) = preSolution
		HideSolutionNode = FALSE
	EndGlobalSection
	GlobalSection(ExtensibilityGlobals) = postSolution
		SolutionGuid = {8472255F-4FCA-4432-BEDA-DA6D655C63DF}
	EndGlobalSection
EndGlobal
